// !$*UTF8*$!
{
	archiveVersion = 1;
	classes = {
	};
	objectVersion = 48;
	objects = {

/* Begin PBXBuildFile section */
		B8E5783020593DC000F71EDF /* AppDelegate.swift in Sources */ = {isa = PBXBuildFile; fileRef = B8E5782F20593DC000F71EDF /* AppDelegate.swift */; };
		B8E5783220593DC000F71EDF /* ViewController.swift in Sources */ = {isa = PBXBuildFile; fileRef = B8E5783120593DC000F71EDF /* ViewController.swift */; };
		B8E5783520593DC000F71EDF /* Main.storyboard in Resources */ = {isa = PBXBuildFile; fileRef = B8E5783320593DC000F71EDF /* Main.storyboard */; };
		B8E5783720593DC000F71EDF /* Assets.xcassets in Resources */ = {isa = PBXBuildFile; fileRef = B8E5783620593DC000F71EDF /* Assets.xcassets */; };
		B8E5783A20593DC000F71EDF /* LaunchScreen.storyboard in Resources */ = {isa = PBXBuildFile; fileRef = B8E5783820593DC000F71EDF /* LaunchScreen.storyboard */; };
		B8E5784220593E1100F71EDF /* ViewController1.swift in Sources */ = {isa = PBXBuildFile; fileRef = B8E5784120593E1100F71EDF /* ViewController1.swift */; };
		B8E5784420593E1A00F71EDF /* ViewController2.swift in Sources */ = {isa = PBXBuildFile; fileRef = B8E5784320593E1A00F71EDF /* ViewController2.swift */; };
		B8E5784620593E7100F71EDF /* LennyTransitionAnimateManager.swift in Sources */ = {isa = PBXBuildFile; fileRef = B8E5784520593E7100F71EDF /* LennyTransitionAnimateManager.swift */; };
/* End PBXBuildFile section */

/* Begin PBXFileReference section */
		B8E5782C20593DC000F71EDF /* TransitionTest.app */ = {isa = PBXFileReference; explicitFileType = wrapper.application; includeInIndex = 0; path = TransitionTest.app; sourceTree = BUILT_PRODUCTS_DIR; };
		B8E5782F20593DC000F71EDF /* AppDelegate.swift */ = {isa = PBXFileReference; lastKnownFileType = sourcecode.swift; path = AppDelegate.swift; sourceTree = "<group>"; };
		B8E5783120593DC000F71EDF /* ViewController.swift */ = {isa = PBXFileReference; lastKnownFileType = sourcecode.swift; path = ViewController.swift; sourceTree = "<group>"; };
		B8E5783420593DC000F71EDF /* Base */ = {isa = PBXFileReference; lastKnownFileType = file.storyboard; name = Base; path = Base.lproj/Main.storyboard; sourceTree = "<group>"; };
		B8E5783620593DC000F71EDF /* Assets.xcassets */ = {isa = PBXFileReference; lastKnownFileType = folder.assetcatalog; path = Assets.xcassets; sourceTree = "<group>"; };
		B8E5783920593DC000F71EDF /* Base */ = {isa = PBXFileReference; lastKnownFileType = file.storyboard; name = Base; path = Base.lproj/LaunchScreen.storyboard; sourceTree = "<group>"; };
		B8E5783B20593DC000F71EDF /* Info.plist */ = {isa = PBXFileReference; lastKnownFileType = text.plist.xml; path = Info.plist; sourceTree = "<group>"; };
		B8E5784120593E1100F71EDF /* ViewController1.swift */ = {isa = PBXFileReference; lastKnownFileType = sourcecode.swift; path = ViewController1.swift; sourceTree = "<group>"; };
		B8E5784320593E1A00F71EDF /* ViewController2.swift */ = {isa = PBXFileReference; lastKnownFileType = sourcecode.swift; path = ViewController2.swift; sourceTree = "<group>"; };
		B8E5784520593E7100F71EDF /* LennyTransitionAnimateManager.swift */ = {isa = PBXFileReference; lastKnownFileType = sourcecode.swift; path = LennyTransitionAnimateManager.swift; sourceTree = "<group>"; };
/* End PBXFileReference section */

/* Begin PBXFrameworksBuildPhase section */
		B8E5782920593DC000F71EDF /* Frameworks */ = {
			isa = PBXFrameworksBuildPhase;
			buildActionMask = 2147483647;
			files = (
			);
			runOnlyForDeploymentPostprocessing = 0;
		};
/* End PBXFrameworksBuildPhase section */

/* Begin PBXGroup section */
		B8E5782320593DC000F71EDF = {
			isa = PBXGroup;
			children = (
				B8E5782E20593DC000F71EDF /* TransitionTest */,
				B8E5782D20593DC000F71EDF /* Products */,
			);
			sourceTree = "<group>";
		};
		B8E5782D20593DC000F71EDF /* Products */ = {
			isa = PBXGroup;
			children = (
				B8E5782C20593DC000F71EDF /* TransitionTest.app */,
			);
			name = Products;
			sourceTree = "<group>";
		};
		B8E5782E20593DC000F71EDF /* TransitionTest */ = {
			isa = PBXGroup;
			children = (
				B8E5782F20593DC000F71EDF /* AppDelegate.swift */,
				B8E5783120593DC000F71EDF /* ViewController.swift */,
				B8E5784120593E1100F71EDF /* ViewController1.swift */,
				B8E5784320593E1A00F71EDF /* ViewController2.swift */,
				B8E5784520593E7100F71EDF /* LennyTransitionAnimateManager.swift */,
				B8E5783320593DC000F71EDF /* Main.storyboard */,
				B8E5783620593DC000F71EDF /* Assets.xcassets */,
				B8E5783820593DC000F71EDF /* LaunchScreen.storyboard */,
				B8E5783B20593DC000F71EDF /* Info.plist */,
			);
			path = TransitionTest;
			sourceTree = "<group>";
		};
/* End PBXGroup section */

/* Begin PBXNativeTarget section */
		B8E5782B20593DC000F71EDF /* TransitionTest */ = {
			isa = PBXNativeTarget;
			buildConfigurationList = B8E5783E20593DC000F71EDF /* Build configuration list for PBXNativeTarget "TransitionTest" */;
			buildPhases = (
				B8E5782820593DC000F71EDF /* Sources */,
				B8E5782920593DC000F71EDF /* Frameworks */,
				B8E5782A20593DC000F71EDF /* Resources */,
			);
			buildRules = (
			);
			dependencies = (
			);
			name = TransitionTest;
			productName = TransitionTest;
			productReference = B8E5782C20593DC000F71EDF /* TransitionTest.app */;
			productType = "com.apple.product-type.application";
		};
/* End PBXNativeTarget section */

/* Begin PBXProject section */
		B8E5782420593DC000F71EDF /* Project object */ = {
			isa = PBXProject;
			attributes = {
				LastSwiftUpdateCheck = 0920;
				LastUpgradeCheck = 0920;
				ORGANIZATIONNAME = Lenny;
				TargetAttributes = {
					B8E5782B20593DC000F71EDF = {
						CreatedOnToolsVersion = 9.2;
						ProvisioningStyle = Automatic;
					};
				};
			};
			buildConfigurationList = B8E5782720593DC000F71EDF /* Build configuration list for PBXProject "TransitionTest" */;
			compatibilityVersion = "Xcode 8.0";
			developmentRegion = en;
			hasScannedForEncodings = 0;
			knownRegions = (
				en,
				Base,
			);
			mainGroup = B8E5782320593DC000F71EDF;
			productRefGroup = B8E5782D20593DC000F71EDF /* Products */;
			projectDirPath = "";
			projectRoot = "";
			targets = (
				B8E5782B20593DC000F71EDF /* TransitionTest */,
			);
		};
/* End PBXProject section */

/* Begin PBXResourcesBuildPhase section */
		B8E5782A20593DC000F71EDF /* Resources */ = {
			isa = PBXResourcesBuildPhase;
			buildActionMask = 2147483647;
			files = (
				B8E5783A20593DC000F71EDF /* LaunchScreen.storyboard in Resources */,
				B8E5783720593DC000F71EDF /* Assets.xcassets in Resources */,
				B8E5783520593DC000F71EDF /* Main.storyboard in Resources */,
			);
			runOnlyForDeploymentPostprocessing = 0;
		};
/* End PBXResourcesBuildPhase section */

/* Begin PBXSourcesBuildPhase section */
		B8E5782820593DC000F71EDF /* Sources */ = {
			isa = PBXSourcesBuildPhase;
			buildActionMask = 2147483647;
			files = (
				B8E5784220593E1100F71EDF /* ViewController1.swift in Sources */,
				B8E5784420593E1A00F71EDF /* ViewController2.swift in Sources */,
				B8E5784620593E7100F71EDF /* LennyTransitionAnimateManager.swift in Sources */,
				B8E5783220593DC000F71EDF /* ViewController.swift in Sources */,
				B8E5783020593DC000F71EDF /* AppDelegate.swift in Sources */,
			);
			runOnlyForDeploymentPostprocessing = 0;
		};
/* End PBXSourcesBuildPhase section */

/* Begin PBXVariantGroup section */
		B8E5783320593DC000F71EDF /* Main.storyboard */ = {
			isa = PBXVariantGroup;
			children = (
				B8E5783420593DC000F71EDF /* Base */,
			);
			name = Main.storyboard;
			sourceTree = "<group>";
		};
		B8E5783820593DC000F71EDF /* LaunchScreen.storyboard */ = {
			isa = PBXVariantGroup;
			children = (
				B8E5783920593DC000F71EDF /* Base */,
			);
			name = LaunchScreen.storyboard;
			sourceTree = "<group>";
		};
/* End PBXVariantGroup section */

/* Begin XCBuildConfiguration section */
		B8E5783C20593DC000F71EDF /* Debug */ = {
			isa = XCBuildConfiguration;
			buildSettings = {
				ALWAYS_SEARCH_USER_PATHS = NO;
				CLANG_ANALYZER_NONNULL = YES;
				CLANG_ANALYZER_NUMBER_OBJECT_CONVERSION = YES_AGGRESSIVE;
				CLANG_CXX_LANGUAGE_STANDARD = "gnu++14";
				CLANG_CXX_LIBRARY = "libc++";
				CLANG_ENABLE_MODULES = YES;
				CLANG_ENABLE_OBJC_ARC = YES;
				CLANG_WARN_BLOCK_CAPTURE_AUTORELEASING = YES;
				CLANG_WARN_BOOL_CONVERSION = YES;
				CLANG_WARN_COMMA = YES;
				CLANG_WARN_CONSTANT_CONVERSION = YES;
				CLANG_WARN_DIRECT_OBJC_ISA_USAGE = YES_ERROR;
				CLANG_WARN_DOCUMENTATION_COMMENTS = YES;
				CLANG_WARN_EMPTY_BODY = YES;
				CLANG_WARN_ENUM_CONVERSION = YES;
				CLANG_WARN_INFINITE_RECURSION = YES;
				CLANG_WARN_INT_CONVERSION = YES;
				CLANG_WARN_NON_LITERAL_NULL_CONVERSION = YES;
				CLANG_WARN_OBJC_LITERAL_CONVERSION = YES;
				CLANG_WARN_OBJC_ROOT_CLASS = YES_ERROR;
				CLANG_WARN_RANGE_LOOP_ANALYSIS = YES;
				CLANG_WARN_STRICT_PROTOTYPES = YES;
				CLANG_WARN_SUSPICIOUS_MOVE = YES;
				CLANG_WARN_UNGUARDED_AVAILABILITY = YES_AGGRESSIVE;
				CLANG_WARN_UNREACHABLE_CODE = YES;
				CLANG_WARN__DUPLICATE_METHOD_MATCH = YES;
				CODE_SIGN_IDENTITY = "iPhone Developer";
				COPY_PHASE_STRIP = NO;
				DEBUG_INFORMATION_FORMAT = dwarf;
				ENABLE_STRICT_OBJC_MSGSEND = YES;
				ENABLE_TESTABILITY = YES;
				GCC_C_LANGUAGE_STANDARD = gnu11;
				GCC_DYNAMIC_NO_PIC = NO;
				GCC_NO_COMMON_BLOCKS = YES;
				GCC_OPTIMIZATION_LEVEL = 0;
				GCC_PREPROCESSOR_DEFINITIONS = (
					"DEBUG=1",
					"$(inherited)",
				);
				GCC_WARN_64_TO_32_BIT_CONVERSION = YES;
				GCC_WARN_ABOUT_RETURN_TYPE = YES_ERROR;
				GCC_WARN_UNDECLARED_SELECTOR = YES;
				GCC_WARN_UNINITIALIZED_AUTOS = YES_AGGRESSIVE;
				GCC_WARN_UNUSED_FUNCTION = YES;
				GCC_WARN_UNUSED_VARIABLE = YES;
				IPHONEOS_DEPLOYMENT_TARGET = 11.2;
				MTL_ENABLE_DEBUG_INFO = YES;
				ONLY_ACTIVE_ARCH = YES;
				SDKROOT = iphoneos;
				SWIFT_ACTIVE_COMPILATION_CONDITIONS = DEBUG;
				SWIFT_OPTIMIZATION_LEVEL = "-Onone";
			};
			name = Debug;
		};
		B8E5783D20593DC000F71EDF /* Release */ = {
			isa = XCBuildConfiguration;
			buildSettings = {
				ALWAYS_SEARCH_USER_PATHS = NO;
				CLANG_ANALYZER_NONNULL = YES;
				CLANG_ANALYZER_NUMBER_OBJECT_CONVERSION = YES_AGGRESSIVE;
				CLANG_CXX_LANGUAGE_STANDARD = "gnu++14";
				CLANG_CXX_LIBRARY = "libc++";
				CLANG_ENABLE_MODULES = YES;
				CLANG_ENABLE_OBJC_ARC = YES;
				CLANG_WARN_BLOCK_CAPTURE_AUTORELEASING = YES;
				CLANG_WARN_BOOL_CONVERSION = YES;
				CLANG_WARN_COMMA = YES;
				CLANG_WARN_CONSTANT_CONVERSION = YES;
				CLANG_WARN_DIRECT_OBJC_ISA_USAGE = YES_ERROR;
				CLANG_WARN_DOCUMENTATION_COMMENTS = YES;
				CLANG_WARN_EMPTY_BODY = YES;
				CLANG_WARN_ENUM_CONVERSION = YES;
				CLANG_WARN_INFINITE_RECURSION = YES;
				CLANG_WARN_INT_CONVERSION = YES;
				CLANG_WARN_NON_LITERAL_NULL_CONVERSION = YES;
				CLANG_WARN_OBJC_LITERAL_CONVERSION = YES;
				CLANG_WARN_OBJC_ROOT_CLASS = YES_ERROR;
				CLANG_WARN_RANGE_LOOP_ANALYSIS = YES;
				CLANG_WARN_STRICT_PROTOTYPES = YES;
				CLANG_WARN_SUSPICIOUS_MOVE = YES;
				CLANG_WARN_UNGUARDED_AVAILABILITY = YES_AGGRESSIVE;
				CLANG_WARN_UNREACHABLE_CODE = YES;
				CLANG_WARN__DUPLICATE_METHOD_MATCH = YES;
				CODE_SIGN_IDENTITY = "iPhone Developer";
				COPY_PHASE_STRIP = NO;
				DEBUG_INFORMATION_FORMAT = "dwarf-with-dsym";
				ENABLE_NS_ASSERTIONS = NO;
				ENABLE_STRICT_OBJC_MSGSEND = YES;
				GCC_C_LANGUAGE_STANDARD = gnu11;
				GCC_NO_COMMON_BLOCKS = YES;
				GCC_WARN_64_TO_32_BIT_CONVERSION = YES;
				GCC_WARN_ABOUT_RETURN_TYPE = YES_ERROR;
				GCC_WARN_UNDECLARED_SELECTOR = YES;
				GCC_WARN_UNINITIALIZED_AUTOS = YES_AGGRESSIVE;
				GCC_WARN_UNUSED_FUNCTION = YES;
				GCC_WARN_UNUSED_VARIABLE = YES;
				IPHONEOS_DEPLOYMENT_TARGET = 11.2;
				MTL_ENABLE_DEBUG_INFO = NO;
				SDKROOT = iphoneos;
				SWIFT_OPTIMIZATION_LEVEL = "-Owholemodule";
				VALIDATE_PRODUCT = YES;
			};
			name = Release;
		};
		B8E5783F20593DC000F71EDF /* Debug */ = {
			isa = XCBuildConfiguration;
			buildSettings = {
				ASSETCATALOG_COMPILER_APPICON_NAME = AppIcon;
				CODE_SIGN_STYLE = Automatic;
				DEVELOPMENT_TEAM = SFMD88G3NR;
				INFOPLIST_FILE = TransitionTest/Info.plist;
				LD_RUNPATH_SEARCH_PATHS = "$(inherited) @executable_path/Frameworks";
				PRODUCT_BUNDLE_IDENTIFIER = Lenny.TransitionTest;
				PRODUCT_NAME = "$(TARGET_NAME)";
				SWIFT_VERSION = 4.0;
				TARGETED_DEVICE_FAMILY = "1,2";
			};
			name = Debug;
		};
		B8E5784020593DC000F71EDF /* Release */ = {
			isa = XCBuildConfiguration;
			buildSettings = {
				ASSETCATALOG_COMPILER_APPICON_NAME = AppIcon;
				CODE_SIGN_STYLE = Automatic;
				DEVELOPMENT_TEAM = SFMD88G3NR;
				INFOPLIST_FILE = TransitionTest/Info.plist;
				LD_RUNPATH_SEARCH_PATHS = "$(inherited) @executable_path/Frameworks";
				PRODUCT_BUNDLE_IDENTIFIER = Lenny.TransitionTest;
				PRODUCT_NAME = "$(TARGET_NAME)";
				SWIFT_VERSION = 4.0;
				TARGETED_DEVICE_FAMILY = "1,2";
			};
			name = Release;
		};
/* End XCBuildConfiguration section */

/* Begin XCConfigurationList section */
		B8E5782720593DC000F71EDF /* Build configuration list for PBXProject "TransitionTest" */ = {
			isa = XCConfigurationList;
			buildConfigurations = (
				B8E5783C20593DC000F71EDF /* Debug */,
				B8E5783D20593DC000F71EDF /* Release */,
			);
			defaultConfigurationIsVisible = 0;
			defaultConfigurationName = Release;
		};
		B8E5783E20593DC000F71EDF /* Build configuration list for PBXNativeTarget "TransitionTest" */ = {
			isa = XCConfigurationList;
			buildConfigurations = (
				B8E5783F20593DC000F71EDF /* Debug */,
				B8E5784020593DC000F71EDF /* Release */,
			);
			defaultConfigurationIsVisible = 0;
			defaultConfigurationName = Release;
		};
/* End XCConfigurationList section */
	};
	rootObject = B8E5782420593DC000F71EDF /* Project object */;
}
